// !$*UTF8*$!
{
	archiveVersion = 1;
	classes = {
	};
	objectVersion = 48;
	objects = {

/* Begin PBXBuildFile section */
		A61DCD5020693F0800B0A6DF /* RegisterAndMoveOnButton.swift in Sources */ = {isa = PBXBuildFile; fileRef = A649A8B62069349E002077E3 /* RegisterAndMoveOnButton.swift */; };
		A61DCD522069554500B0A6DF /* ExitViewController.swift in Sources */ = {isa = PBXBuildFile; fileRef = A61DCD512069554500B0A6DF /* ExitViewController.swift */; };
		A649A8B520690EB5002077E3 /* SwitchViewController.swift in Sources */ = {isa = PBXBuildFile; fileRef = A649A8B420690EB5002077E3 /* SwitchViewController.swift */; };
		A6D02CB6205E8B29001DF2D8 /* AppDelegate.swift in Sources */ = {isa = PBXBuildFile; fileRef = A6D02CB5205E8B29001DF2D8 /* AppDelegate.swift */; };
		A6D02CB8205E8B29001DF2D8 /* OperatorViewController.swift in Sources */ = {isa = PBXBuildFile; fileRef = A6D02CB7205E8B29001DF2D8 /* OperatorViewController.swift */; };
		A6D02CBB205E8B29001DF2D8 /* Main.storyboard in Resources */ = {isa = PBXBuildFile; fileRef = A6D02CB9205E8B29001DF2D8 /* Main.storyboard */; };
		A6D02CBD205E8B29001DF2D8 /* Assets.xcassets in Resources */ = {isa = PBXBuildFile; fileRef = A6D02CBC205E8B29001DF2D8 /* Assets.xcassets */; };
		A6D02CC0205E8B29001DF2D8 /* LaunchScreen.storyboard in Resources */ = {isa = PBXBuildFile; fileRef = A6D02CBE205E8B29001DF2D8 /* LaunchScreen.storyboard */; };
		A6D02CCB205E8B29001DF2D8 /* WardClientTests.swift in Sources */ = {isa = PBXBuildFile; fileRef = A6D02CCA205E8B29001DF2D8 /* WardClientTests.swift */; };
		A6D02CD6205E8B29001DF2D8 /* WardClientUITests.swift in Sources */ = {isa = PBXBuildFile; fileRef = A6D02CD5205E8B29001DF2D8 /* WardClientUITests.swift */; };
		A6D02CE720610AAE001DF2D8 /* Localizable.strings in Resources */ = {isa = PBXBuildFile; fileRef = A6D02CE920610AAE001DF2D8 /* Localizable.strings */; };
		A6D02CF32061471D001DF2D8 /* SentencePictureMatchingViewController.swift in Sources */ = {isa = PBXBuildFile; fileRef = A6D02CF22061471D001DF2D8 /* SentencePictureMatchingViewController.swift */; };
		A6D02CF52063D7F9001DF2D8 /* SentencePictureSelectionViewController.swift in Sources */ = {isa = PBXBuildFile; fileRef = A6D02CF42063D7F9001DF2D8 /* SentencePictureSelectionViewController.swift */; };
		A6D02CF92064062D001DF2D8 /* ViewControllerWithSound.swift in Sources */ = {isa = PBXBuildFile; fileRef = A6D02CF82064062D001DF2D8 /* ViewControllerWithSound.swift */; };
/* End PBXBuildFile section */

/* Begin PBXContainerItemProxy section */
		A6D02CC7205E8B29001DF2D8 /* PBXContainerItemProxy */ = {
			isa = PBXContainerItemProxy;
			containerPortal = A6D02CAA205E8B29001DF2D8 /* Project object */;
			proxyType = 1;
			remoteGlobalIDString = A6D02CB1205E8B29001DF2D8;
			remoteInfo = WardClient;
		};
		A6D02CD2205E8B29001DF2D8 /* PBXContainerItemProxy */ = {
			isa = PBXContainerItemProxy;
			containerPortal = A6D02CAA205E8B29001DF2D8 /* Project object */;
			proxyType = 1;
			remoteGlobalIDString = A6D02CB1205E8B29001DF2D8;
			remoteInfo = WardClient;
		};
/* End PBXContainerItemProxy section */

/* Begin PBXFileReference section */
		A61DCD512069554500B0A6DF /* ExitViewController.swift */ = {isa = PBXFileReference; lastKnownFileType = sourcecode.swift; path = ExitViewController.swift; sourceTree = "<group>"; };
		A649A8B420690EB5002077E3 /* SwitchViewController.swift */ = {isa = PBXFileReference; lastKnownFileType = sourcecode.swift; path = SwitchViewController.swift; sourceTree = "<group>"; };
		A649A8B62069349E002077E3 /* RegisterAndMoveOnButton.swift */ = {isa = PBXFileReference; lastKnownFileType = sourcecode.swift; path = RegisterAndMoveOnButton.swift; sourceTree = "<group>"; };
		A6D02CB2205E8B29001DF2D8 /* WardClient.app */ = {isa = PBXFileReference; explicitFileType = wrapper.application; includeInIndex = 0; path = WardClient.app; sourceTree = BUILT_PRODUCTS_DIR; };
		A6D02CB5205E8B29001DF2D8 /* AppDelegate.swift */ = {isa = PBXFileReference; lastKnownFileType = sourcecode.swift; path = AppDelegate.swift; sourceTree = "<group>"; };
		A6D02CB7205E8B29001DF2D8 /* OperatorViewController.swift */ = {isa = PBXFileReference; lastKnownFileType = sourcecode.swift; path = OperatorViewController.swift; sourceTree = "<group>"; };
		A6D02CBA205E8B29001DF2D8 /* Base */ = {isa = PBXFileReference; lastKnownFileType = file.storyboard; name = Base; path = Base.lproj/Main.storyboard; sourceTree = "<group>"; };
		A6D02CBC205E8B29001DF2D8 /* Assets.xcassets */ = {isa = PBXFileReference; lastKnownFileType = folder.assetcatalog; path = Assets.xcassets; sourceTree = "<group>"; };
		A6D02CBF205E8B29001DF2D8 /* Base */ = {isa = PBXFileReference; lastKnownFileType = file.storyboard; name = Base; path = Base.lproj/LaunchScreen.storyboard; sourceTree = "<group>"; };
		A6D02CC6205E8B29001DF2D8 /* WardClientTests.xctest */ = {isa = PBXFileReference; explicitFileType = wrapper.cfbundle; includeInIndex = 0; path = WardClientTests.xctest; sourceTree = BUILT_PRODUCTS_DIR; };
		A6D02CCA205E8B29001DF2D8 /* WardClientTests.swift */ = {isa = PBXFileReference; lastKnownFileType = sourcecode.swift; path = WardClientTests.swift; sourceTree = "<group>"; };
		A6D02CCC205E8B29001DF2D8 /* Info.plist */ = {isa = PBXFileReference; lastKnownFileType = text.plist.xml; path = Info.plist; sourceTree = "<group>"; };
		A6D02CD1205E8B29001DF2D8 /* WardClientUITests.xctest */ = {isa = PBXFileReference; explicitFileType = wrapper.cfbundle; includeInIndex = 0; path = WardClientUITests.xctest; sourceTree = BUILT_PRODUCTS_DIR; };
		A6D02CD5205E8B29001DF2D8 /* WardClientUITests.swift */ = {isa = PBXFileReference; lastKnownFileType = sourcecode.swift; path = WardClientUITests.swift; sourceTree = "<group>"; };
		A6D02CD7205E8B2A001DF2D8 /* Info.plist */ = {isa = PBXFileReference; lastKnownFileType = text.plist.xml; path = Info.plist; sourceTree = "<group>"; };
		A6D02CE4205EAD26001DF2D8 /* he */ = {isa = PBXFileReference; lastKnownFileType = text.plist.strings; name = he; path = he.lproj/LaunchScreen.strings; sourceTree = "<group>"; };
		A6D02CE820610AAE001DF2D8 /* he */ = {isa = PBXFileReference; lastKnownFileType = text.plist.strings; name = he; path = he.lproj/Localizable.strings; sourceTree = "<group>"; };
		A6D02CEB20610D1D001DF2D8 /* Base */ = {isa = PBXFileReference; lastKnownFileType = text.plist.strings; name = Base; path = Base.lproj/Localizable.strings; sourceTree = "<group>"; };
		A6D02CEC206136AC001DF2D8 /* he */ = {isa = PBXFileReference; lastKnownFileType = text.plist.xml; name = he; path = he.lproj/Info.plist; sourceTree = "<group>"; };
		A6D02CF22061471D001DF2D8 /* SentencePictureMatchingViewController.swift */ = {isa = PBXFileReference; lastKnownFileType = sourcecode.swift; path = SentencePictureMatchingViewController.swift; sourceTree = "<group>"; };
		A6D02CF42063D7F9001DF2D8 /* SentencePictureSelectionViewController.swift */ = {isa = PBXFileReference; lastKnownFileType = sourcecode.swift; path = SentencePictureSelectionViewController.swift; sourceTree = "<group>"; };
		A6D02CF72063F509001DF2D8 /* he */ = {isa = PBXFileReference; lastKnownFileType = text.plist.strings; name = he; path = he.lproj/Main.strings; sourceTree = "<group>"; };
		A6D02CF82064062D001DF2D8 /* ViewControllerWithSound.swift */ = {isa = PBXFileReference; lastKnownFileType = sourcecode.swift; path = ViewControllerWithSound.swift; sourceTree = "<group>"; };
/* End PBXFileReference section */

/* Begin PBXFrameworksBuildPhase section */
		A6D02CAF205E8B29001DF2D8 /* Frameworks */ = {
			isa = PBXFrameworksBuildPhase;
			buildActionMask = 2147483647;
			files = (
			);
			runOnlyForDeploymentPostprocessing = 0;
		};
		A6D02CC3205E8B29001DF2D8 /* Frameworks */ = {
			isa = PBXFrameworksBuildPhase;
			buildActionMask = 2147483647;
			files = (
			);
			runOnlyForDeploymentPostprocessing = 0;
		};
		A6D02CCE205E8B29001DF2D8 /* Frameworks */ = {
			isa = PBXFrameworksBuildPhase;
			buildActionMask = 2147483647;
			files = (
			);
			runOnlyForDeploymentPostprocessing = 0;
		};
/* End PBXFrameworksBuildPhase section */

/* Begin PBXGroup section */
		A6D02CA9205E8B29001DF2D8 = {
			isa = PBXGroup;
			children = (
				A6D02CB4205E8B29001DF2D8 /* WardClient */,
				A6D02CC9205E8B29001DF2D8 /* WardClientTests */,
				A6D02CD4205E8B29001DF2D8 /* WardClientUITests */,
				A6D02CB3205E8B29001DF2D8 /* Products */,
			);
			sourceTree = "<group>";
		};
		A6D02CB3205E8B29001DF2D8 /* Products */ = {
			isa = PBXGroup;
			children = (
				A6D02CB2205E8B29001DF2D8 /* WardClient.app */,
				A6D02CC6205E8B29001DF2D8 /* WardClientTests.xctest */,
				A6D02CD1205E8B29001DF2D8 /* WardClientUITests.xctest */,
			);
			name = Products;
			sourceTree = "<group>";
		};
		A6D02CB4205E8B29001DF2D8 /* WardClient */ = {
			isa = PBXGroup;
			children = (
				A6D02CB5205E8B29001DF2D8 /* AppDelegate.swift */,
				A6D02CB7205E8B29001DF2D8 /* OperatorViewController.swift */,
				A649A8B420690EB5002077E3 /* SwitchViewController.swift */,
				A61DCD512069554500B0A6DF /* ExitViewController.swift */,
				A649A8B62069349E002077E3 /* RegisterAndMoveOnButton.swift */,
				A6D02CF82064062D001DF2D8 /* ViewControllerWithSound.swift */,
				A6D02CE920610AAE001DF2D8 /* Localizable.strings */,
				A6D02CB9205E8B29001DF2D8 /* Main.storyboard */,
				A6D02CF42063D7F9001DF2D8 /* SentencePictureSelectionViewController.swift */,
				A6D02CF22061471D001DF2D8 /* SentencePictureMatchingViewController.swift */,
				A6D02CBC205E8B29001DF2D8 /* Assets.xcassets */,
				A6D02CBE205E8B29001DF2D8 /* LaunchScreen.storyboard */,
				A6D02CED206136AC001DF2D8 /* Info.plist */,
			);
			path = WardClient;
			sourceTree = "<group>";
		};
		A6D02CC9205E8B29001DF2D8 /* WardClientTests */ = {
			isa = PBXGroup;
			children = (
				A6D02CCA205E8B29001DF2D8 /* WardClientTests.swift */,
				A6D02CCC205E8B29001DF2D8 /* Info.plist */,
			);
			path = WardClientTests;
			sourceTree = "<group>";
		};
		A6D02CD4205E8B29001DF2D8 /* WardClientUITests */ = {
			isa = PBXGroup;
			children = (
				A6D02CD5205E8B29001DF2D8 /* WardClientUITests.swift */,
				A6D02CD7205E8B2A001DF2D8 /* Info.plist */,
			);
			path = WardClientUITests;
			sourceTree = "<group>";
		};
/* End PBXGroup section */

/* Begin PBXNativeTarget section */
		A6D02CB1205E8B29001DF2D8 /* WardClient */ = {
			isa = PBXNativeTarget;
			buildConfigurationList = A6D02CDA205E8B2A001DF2D8 /* Build configuration list for PBXNativeTarget "WardClient" */;
			buildPhases = (
				A6D02CAE205E8B29001DF2D8 /* Sources */,
				A6D02CAF205E8B29001DF2D8 /* Frameworks */,
				A6D02CB0205E8B29001DF2D8 /* Resources */,
			);
			buildRules = (
			);
			dependencies = (
			);
			name = WardClient;
			productName = WardClient;
			productReference = A6D02CB2205E8B29001DF2D8 /* WardClient.app */;
			productType = "com.apple.product-type.application";
		};
		A6D02CC5205E8B29001DF2D8 /* WardClientTests */ = {
			isa = PBXNativeTarget;
			buildConfigurationList = A6D02CDD205E8B2A001DF2D8 /* Build configuration list for PBXNativeTarget "WardClientTests" */;
			buildPhases = (
				A6D02CC2205E8B29001DF2D8 /* Sources */,
				A6D02CC3205E8B29001DF2D8 /* Frameworks */,
				A6D02CC4205E8B29001DF2D8 /* Resources */,
			);
			buildRules = (
			);
			dependencies = (
				A6D02CC8205E8B29001DF2D8 /* PBXTargetDependency */,
			);
			name = WardClientTests;
			productName = WardClientTests;
			productReference = A6D02CC6205E8B29001DF2D8 /* WardClientTests.xctest */;
			productType = "com.apple.product-type.bundle.unit-test";
		};
		A6D02CD0205E8B29001DF2D8 /* WardClientUITests */ = {
			isa = PBXNativeTarget;
			buildConfigurationList = A6D02CE0205E8B2A001DF2D8 /* Build configuration list for PBXNativeTarget "WardClientUITests" */;
			buildPhases = (
				A6D02CCD205E8B29001DF2D8 /* Sources */,
				A6D02CCE205E8B29001DF2D8 /* Frameworks */,
				A6D02CCF205E8B29001DF2D8 /* Resources */,
			);
			buildRules = (
			);
			dependencies = (
				A6D02CD3205E8B29001DF2D8 /* PBXTargetDependency */,
			);
			name = WardClientUITests;
			productName = WardClientUITests;
			productReference = A6D02CD1205E8B29001DF2D8 /* WardClientUITests.xctest */;
			productType = "com.apple.product-type.bundle.ui-testing";
		};
/* End PBXNativeTarget section */

/* Begin PBXProject section */
		A6D02CAA205E8B29001DF2D8 /* Project object */ = {
			isa = PBXProject;
			attributes = {
				LastSwiftUpdateCheck = 0920;
				LastUpgradeCheck = 0930;
				ORGANIZATIONNAME = ELSC;
				TargetAttributes = {
					A6D02CB1205E8B29001DF2D8 = {
						CreatedOnToolsVersion = 9.2;
						ProvisioningStyle = Automatic;
						SystemCapabilities = {
							com.apple.BackgroundModes = {
								enabled = 1;
							};
						};
					};
					A6D02CC5205E8B29001DF2D8 = {
						CreatedOnToolsVersion = 9.2;
						ProvisioningStyle = Automatic;
						TestTargetID = A6D02CB1205E8B29001DF2D8;
					};
					A6D02CD0205E8B29001DF2D8 = {
						CreatedOnToolsVersion = 9.2;
						ProvisioningStyle = Automatic;
						TestTargetID = A6D02CB1205E8B29001DF2D8;
					};
				};
			};
			buildConfigurationList = A6D02CAD205E8B29001DF2D8 /* Build configuration list for PBXProject "WardClient" */;
			compatibilityVersion = "Xcode 8.0";
			developmentRegion = en;
			hasScannedForEncodings = 0;
			knownRegions = (
				en,
				Base,
				he,
			);
			mainGroup = A6D02CA9205E8B29001DF2D8;
			productRefGroup = A6D02CB3205E8B29001DF2D8 /* Products */;
			projectDirPath = "";
			projectRoot = "";
			targets = (
				A6D02CB1205E8B29001DF2D8 /* WardClient */,
				A6D02CC5205E8B29001DF2D8 /* WardClientTests */,
				A6D02CD0205E8B29001DF2D8 /* WardClientUITests */,
			);
		};
/* End PBXProject section */

/* Begin PBXResourcesBuildPhase section */
		A6D02CB0205E8B29001DF2D8 /* Resources */ = {
			isa = PBXResourcesBuildPhase;
			buildActionMask = 2147483647;
			files = (
				A6D02CC0205E8B29001DF2D8 /* LaunchScreen.storyboard in Resources */,
				A6D02CE720610AAE001DF2D8 /* Localizable.strings in Resources */,
				A6D02CBD205E8B29001DF2D8 /* Assets.xcassets in Resources */,
				A6D02CBB205E8B29001DF2D8 /* Main.storyboard in Resources */,
			);
			runOnlyForDeploymentPostprocessing = 0;
		};
		A6D02CC4205E8B29001DF2D8 /* Resources */ = {
			isa = PBXResourcesBuildPhase;
			buildActionMask = 2147483647;
			files = (
			);
			runOnlyForDeploymentPostprocessing = 0;
		};
		A6D02CCF205E8B29001DF2D8 /* Resources */ = {
			isa = PBXResourcesBuildPhase;
			buildActionMask = 2147483647;
			files = (
			);
			runOnlyForDeploymentPostprocessing = 0;
		};
/* End PBXResourcesBuildPhase section */

/* Begin PBXSourcesBuildPhase section */
		A6D02CAE205E8B29001DF2D8 /* Sources */ = {
			isa = PBXSourcesBuildPhase;
			buildActionMask = 2147483647;
			files = (
				A6D02CF92064062D001DF2D8 /* ViewControllerWithSound.swift in Sources */,
				A6D02CB8205E8B29001DF2D8 /* OperatorViewController.swift in Sources */,
				A61DCD5020693F0800B0A6DF /* RegisterAndMoveOnButton.swift in Sources */,
				A6D02CF32061471D001DF2D8 /* SentencePictureMatchingViewController.swift in Sources */,
				A61DCD522069554500B0A6DF /* ExitViewController.swift in Sources */,
				A6D02CB6205E8B29001DF2D8 /* AppDelegate.swift in Sources */,
				A6D02CF52063D7F9001DF2D8 /* SentencePictureSelectionViewController.swift in Sources */,
				A649A8B520690EB5002077E3 /* SwitchViewController.swift in Sources */,
			);
			runOnlyForDeploymentPostprocessing = 0;
		};
		A6D02CC2205E8B29001DF2D8 /* Sources */ = {
			isa = PBXSourcesBuildPhase;
			buildActionMask = 2147483647;
			files = (
				A6D02CCB205E8B29001DF2D8 /* WardClientTests.swift in Sources */,
			);
			runOnlyForDeploymentPostprocessing = 0;
		};
		A6D02CCD205E8B29001DF2D8 /* Sources */ = {
			isa = PBXSourcesBuildPhase;
			buildActionMask = 2147483647;
			files = (
				A6D02CD6205E8B29001DF2D8 /* WardClientUITests.swift in Sources */,
			);
			runOnlyForDeploymentPostprocessing = 0;
		};
/* End PBXSourcesBuildPhase section */

/* Begin PBXTargetDependency section */
		A6D02CC8205E8B29001DF2D8 /* PBXTargetDependency */ = {
			isa = PBXTargetDependency;
			target = A6D02CB1205E8B29001DF2D8 /* WardClient */;
			targetProxy = A6D02CC7205E8B29001DF2D8 /* PBXContainerItemProxy */;
		};
		A6D02CD3205E8B29001DF2D8 /* PBXTargetDependency */ = {
			isa = PBXTargetDependency;
			target = A6D02CB1205E8B29001DF2D8 /* WardClient */;
			targetProxy = A6D02CD2205E8B29001DF2D8 /* PBXContainerItemProxy */;
		};
/* End PBXTargetDependency section */

/* Begin PBXVariantGroup section */
		A6D02CB9205E8B29001DF2D8 /* Main.storyboard */ = {
			isa = PBXVariantGroup;
			children = (
				A6D02CBA205E8B29001DF2D8 /* Base */,
				A6D02CF72063F509001DF2D8 /* he */,
			);
			name = Main.storyboard;
			sourceTree = "<group>";
		};
		A6D02CBE205E8B29001DF2D8 /* LaunchScreen.storyboard */ = {
			isa = PBXVariantGroup;
			children = (
				A6D02CBF205E8B29001DF2D8 /* Base */,
				A6D02CE4205EAD26001DF2D8 /* he */,
			);
			name = LaunchScreen.storyboard;
			sourceTree = "<group>";
		};
		A6D02CE920610AAE001DF2D8 /* Localizable.strings */ = {
			isa = PBXVariantGroup;
			children = (
				A6D02CE820610AAE001DF2D8 /* he */,
				A6D02CEB20610D1D001DF2D8 /* Base */,
			);
			name = Localizable.strings;
			sourceTree = "<group>";
		};
		A6D02CED206136AC001DF2D8 /* Info.plist */ = {
			isa = PBXVariantGroup;
			children = (
				A6D02CEC206136AC001DF2D8 /* he */,
			);
			name = Info.plist;
			sourceTree = "<group>";
		};
/* End PBXVariantGroup section */

/* Begin XCBuildConfiguration section */
		A6D02CD8205E8B2A001DF2D8 /* Debug */ = {
			isa = XCBuildConfiguration;
			buildSettings = {
				ALWAYS_SEARCH_USER_PATHS = NO;
				CLANG_ANALYZER_LOCALIZABILITY_NONLOCALIZED = YES;
				CLANG_ANALYZER_NONNULL = YES;
				CLANG_ANALYZER_NUMBER_OBJECT_CONVERSION = YES_AGGRESSIVE;
				CLANG_CXX_LANGUAGE_STANDARD = "gnu++14";
				CLANG_CXX_LIBRARY = "libc++";
				CLANG_ENABLE_MODULES = YES;
				CLANG_ENABLE_OBJC_ARC = YES;
				CLANG_WARN_BLOCK_CAPTURE_AUTORELEASING = YES;
				CLANG_WARN_BOOL_CONVERSION = YES;
				CLANG_WARN_COMMA = YES;
				CLANG_WARN_CONSTANT_CONVERSION = YES;
				CLANG_WARN_DEPRECATED_OBJC_IMPLEMENTATIONS = YES;
				CLANG_WARN_DIRECT_OBJC_ISA_USAGE = YES_ERROR;
				CLANG_WARN_DOCUMENTATION_COMMENTS = YES;
				CLANG_WARN_EMPTY_BODY = YES;
				CLANG_WARN_ENUM_CONVERSION = YES;
				CLANG_WARN_INFINITE_RECURSION = YES;
				CLANG_WARN_INT_CONVERSION = YES;
				CLANG_WARN_NON_LITERAL_NULL_CONVERSION = YES;
				CLANG_WARN_OBJC_IMPLICIT_RETAIN_SELF = YES;
				CLANG_WARN_OBJC_LITERAL_CONVERSION = YES;
				CLANG_WARN_OBJC_ROOT_CLASS = YES_ERROR;
				CLANG_WARN_RANGE_LOOP_ANALYSIS = YES;
				CLANG_WARN_STRICT_PROTOTYPES = YES;
				CLANG_WARN_SUSPICIOUS_MOVE = YES;
				CLANG_WARN_UNGUARDED_AVAILABILITY = YES_AGGRESSIVE;
				CLANG_WARN_UNREACHABLE_CODE = YES;
				CLANG_WARN__DUPLICATE_METHOD_MATCH = YES;
				CODE_SIGN_IDENTITY = "iPhone Developer";
				COPY_PHASE_STRIP = NO;
				DEBUG_INFORMATION_FORMAT = dwarf;
				ENABLE_STRICT_OBJC_MSGSEND = YES;
				ENABLE_TESTABILITY = YES;
				GCC_C_LANGUAGE_STANDARD = gnu11;
				GCC_DYNAMIC_NO_PIC = NO;
				GCC_NO_COMMON_BLOCKS = YES;
				GCC_OPTIMIZATION_LEVEL = 0;
				GCC_PREPROCESSOR_DEFINITIONS = (
					"DEBUG=1",
					"$(inherited)",
				);
				GCC_WARN_64_TO_32_BIT_CONVERSION = YES;
				GCC_WARN_ABOUT_RETURN_TYPE = YES_ERROR;
				GCC_WARN_UNDECLARED_SELECTOR = YES;
				GCC_WARN_UNINITIALIZED_AUTOS = YES_AGGRESSIVE;
				GCC_WARN_UNUSED_FUNCTION = YES;
				GCC_WARN_UNUSED_VARIABLE = YES;
				IPHONEOS_DEPLOYMENT_TARGET = 11.2;
				MTL_ENABLE_DEBUG_INFO = YES;
				ONLY_ACTIVE_ARCH = YES;
				SDKROOT = iphoneos;
				SWIFT_ACTIVE_COMPILATION_CONDITIONS = DEBUG;
				SWIFT_OPTIMIZATION_LEVEL = "-Onone";
			};
			name = Debug;
		};
		A6D02CD9205E8B2A001DF2D8 /* Release */ = {
			isa = XCBuildConfiguration;
			buildSettings = {
				ALWAYS_SEARCH_USER_PATHS = NO;
				CLANG_ANALYZER_LOCALIZABILITY_NONLOCALIZED = YES;
				CLANG_ANALYZER_NONNULL = YES;
				CLANG_ANALYZER_NUMBER_OBJECT_CONVERSION = YES_AGGRESSIVE;
				CLANG_CXX_LANGUAGE_STANDARD = "gnu++14";
				CLANG_CXX_LIBRARY = "libc++";
				CLANG_ENABLE_MODULES = YES;
				CLANG_ENABLE_OBJC_ARC = YES;
				CLANG_WARN_BLOCK_CAPTURE_AUTORELEASING = YES;
				CLANG_WARN_BOOL_CONVERSION = YES;
				CLANG_WARN_COMMA = YES;
				CLANG_WARN_CONSTANT_CONVERSION = YES;
				CLANG_WARN_DEPRECATED_OBJC_IMPLEMENTATIONS = YES;
				CLANG_WARN_DIRECT_OBJC_ISA_USAGE = YES_ERROR;
				CLANG_WARN_DOCUMENTATION_COMMENTS = YES;
				CLANG_WARN_EMPTY_BODY = YES;
				CLANG_WARN_ENUM_CONVERSION = YES;
				CLANG_WARN_INFINITE_RECURSION = YES;
				CLANG_WARN_INT_CONVERSION = YES;
				CLANG_WARN_NON_LITERAL_NULL_CONVERSION = YES;
				CLANG_WARN_OBJC_IMPLICIT_RETAIN_SELF = YES;
				CLANG_WARN_OBJC_LITERAL_CONVERSION = YES;
				CLANG_WARN_OBJC_ROOT_CLASS = YES_ERROR;
				CLANG_WARN_RANGE_LOOP_ANALYSIS = YES;
				CLANG_WARN_STRICT_PROTOTYPES = YES;
				CLANG_WARN_SUSPICIOUS_MOVE = YES;
				CLANG_WARN_UNGUARDED_AVAILABILITY = YES_AGGRESSIVE;
				CLANG_WARN_UNREACHABLE_CODE = YES;
				CLANG_WARN__DUPLICATE_METHOD_MATCH = YES;
				CODE_SIGN_IDENTITY = "iPhone Developer";
				COPY_PHASE_STRIP = NO;
				DEBUG_INFORMATION_FORMAT = "dwarf-with-dsym";
				ENABLE_NS_ASSERTIONS = NO;
				ENABLE_STRICT_OBJC_MSGSEND = YES;
				GCC_C_LANGUAGE_STANDARD = gnu11;
				GCC_NO_COMMON_BLOCKS = YES;
				GCC_WARN_64_TO_32_BIT_CONVERSION = YES;
				GCC_WARN_ABOUT_RETURN_TYPE = YES_ERROR;
				GCC_WARN_UNDECLARED_SELECTOR = YES;
				GCC_WARN_UNINITIALIZED_AUTOS = YES_AGGRESSIVE;
				GCC_WARN_UNUSED_FUNCTION = YES;
				GCC_WARN_UNUSED_VARIABLE = YES;
				IPHONEOS_DEPLOYMENT_TARGET = 11.2;
				MTL_ENABLE_DEBUG_INFO = NO;
				SDKROOT = iphoneos;
				SWIFT_OPTIMIZATION_LEVEL = "-Owholemodule";
				VALIDATE_PRODUCT = YES;
			};
			name = Release;
		};
		A6D02CDB205E8B2A001DF2D8 /* Debug */ = {
			isa = XCBuildConfiguration;
			buildSettings = {
				ASSETCATALOG_COMPILER_APPICON_NAME = AppIcon;
				CODE_SIGN_STYLE = Automatic;
				DEVELOPMENT_TEAM = EEK3Y78256;
				INFOPLIST_FILE = WardClient/he.lproj/Info.plist;
				IPHONEOS_DEPLOYMENT_TARGET = 11.3;
				LD_RUNPATH_SEARCH_PATHS = "$(inherited) @executable_path/Frameworks";
				PRODUCT_BUNDLE_IDENTIFIER = HUJI.ELSC.WardClient;
				PRODUCT_NAME = "$(TARGET_NAME)";
				SWIFT_VERSION = 4.0;
				TARGETED_DEVICE_FAMILY = 2;
			};
			name = Debug;
		};
		A6D02CDC205E8B2A001DF2D8 /* Release */ = {
			isa = XCBuildConfiguration;
			buildSettings = {
				ASSETCATALOG_COMPILER_APPICON_NAME = AppIcon;
				CODE_SIGN_STYLE = Automatic;
				DEVELOPMENT_TEAM = EEK3Y78256;
				INFOPLIST_FILE = WardClient/he.lproj/Info.plist;
				IPHONEOS_DEPLOYMENT_TARGET = 11.3;
				LD_RUNPATH_SEARCH_PATHS = "$(inherited) @executable_path/Frameworks";
				PRODUCT_BUNDLE_IDENTIFIER = HUJI.ELSC.WardClient;
				PRODUCT_NAME = "$(TARGET_NAME)";
				SWIFT_VERSION = 4.0;
				TARGETED_DEVICE_FAMILY = 2;
			};
			name = Release;
		};
		A6D02CDE205E8B2A001DF2D8 /* Debug */ = {
			isa = XCBuildConfiguration;
			buildSettings = {
				ALWAYS_EMBED_SWIFT_STANDARD_LIBRARIES = YES;
				BUNDLE_LOADER = "$(TEST_HOST)";
				CODE_SIGN_STYLE = Automatic;
				DEVELOPMENT_TEAM = EEK3Y78256;
				INFOPLIST_FILE = WardClientTests/Info.plist;
				LD_RUNPATH_SEARCH_PATHS = "$(inherited) @executable_path/Frameworks @loader_path/Frameworks";
				PRODUCT_BUNDLE_IDENTIFIER = HUJI.ELSC.WardClientTests;
				PRODUCT_NAME = "$(TARGET_NAME)";
				SWIFT_VERSION = 4.0;
				TARGETED_DEVICE_FAMILY = "1,2";
				TEST_HOST = "$(BUILT_PRODUCTS_DIR)/WardClient.app/WardClient";
			};
			name = Debug;
		};
		A6D02CDF205E8B2A001DF2D8 /* Release */ = {
			isa = XCBuildConfiguration;
			buildSettings = {
				ALWAYS_EMBED_SWIFT_STANDARD_LIBRARIES = YES;
				BUNDLE_LOADER = "$(TEST_HOST)";
				CODE_SIGN_STYLE = Automatic;
				DEVELOPMENT_TEAM = EEK3Y78256;
				INFOPLIST_FILE = WardClientTests/Info.plist;
				LD_RUNPATH_SEARCH_PATHS = "$(inherited) @executable_path/Frameworks @loader_path/Frameworks";
				PRODUCT_BUNDLE_IDENTIFIER = HUJI.ELSC.WardClientTests;
				PRODUCT_NAME = "$(TARGET_NAME)";
				SWIFT_VERSION = 4.0;
				TARGETED_DEVICE_FAMILY = "1,2";
				TEST_HOST = "$(BUILT_PRODUCTS_DIR)/WardClient.app/WardClient";
			};
			name = Release;
		};
		A6D02CE1205E8B2A001DF2D8 /* Debug */ = {
			isa = XCBuildConfiguration;
			buildSettings = {
				ALWAYS_EMBED_SWIFT_STANDARD_LIBRARIES = YES;
				CODE_SIGN_STYLE = Automatic;
				DEVELOPMENT_TEAM = EEK3Y78256;
				INFOPLIST_FILE = WardClientUITests/Info.plist;
				LD_RUNPATH_SEARCH_PATHS = "$(inherited) @executable_path/Frameworks @loader_path/Frameworks";
				PRODUCT_BUNDLE_IDENTIFIER = HUJI.ELSC.WardClientUITests;
				PRODUCT_NAME = "$(TARGET_NAME)";
				SWIFT_VERSION = 4.0;
				TARGETED_DEVICE_FAMILY = "1,2";
				TEST_TARGET_NAME = WardClient;
			};
			name = Debug;
		};
		A6D02CE2205E8B2A001DF2D8 /* Release */ = {
			isa = XCBuildConfiguration;
			buildSettings = {
				ALWAYS_EMBED_SWIFT_STANDARD_LIBRARIES = YES;
				CODE_SIGN_STYLE = Automatic;
				DEVELOPMENT_TEAM = EEK3Y78256;
				INFOPLIST_FILE = WardClientUITests/Info.plist;
				LD_RUNPATH_SEARCH_PATHS = "$(inherited) @executable_path/Frameworks @loader_path/Frameworks";
				PRODUCT_BUNDLE_IDENTIFIER = HUJI.ELSC.WardClientUITests;
				PRODUCT_NAME = "$(TARGET_NAME)";
				SWIFT_VERSION = 4.0;
				TARGETED_DEVICE_FAMILY = "1,2";
				TEST_TARGET_NAME = WardClient;
			};
			name = Release;
		};
/* End XCBuildConfiguration section */

/* Begin XCConfigurationList section */
		A6D02CAD205E8B29001DF2D8 /* Build configuration list for PBXProject "WardClient" */ = {
			isa = XCConfigurationList;
			buildConfigurations = (
				A6D02CD8205E8B2A001DF2D8 /* Debug */,
				A6D02CD9205E8B2A001DF2D8 /* Release */,
			);
			defaultConfigurationIsVisible = 0;
			defaultConfigurationName = Release;
		};
		A6D02CDA205E8B2A001DF2D8 /* Build configuration list for PBXNativeTarget "WardClient" */ = {
			isa = XCConfigurationList;
			buildConfigurations = (
				A6D02CDB205E8B2A001DF2D8 /* Debug */,
				A6D02CDC205E8B2A001DF2D8 /* Release */,
			);
			defaultConfigurationIsVisible = 0;
			defaultConfigurationName = Release;
		};
		A6D02CDD205E8B2A001DF2D8 /* Build configuration list for PBXNativeTarget "WardClientTests" */ = {
			isa = XCConfigurationList;
			buildConfigurations = (
				A6D02CDE205E8B2A001DF2D8 /* Debug */,
				A6D02CDF205E8B2A001DF2D8 /* Release */,
			);
			defaultConfigurationIsVisible = 0;
			defaultConfigurationName = Release;
		};
		A6D02CE0205E8B2A001DF2D8 /* Build configuration list for PBXNativeTarget "WardClientUITests" */ = {
			isa = XCConfigurationList;
			buildConfigurations = (
				A6D02CE1205E8B2A001DF2D8 /* Debug */,
				A6D02CE2205E8B2A001DF2D8 /* Release */,
			);
			defaultConfigurationIsVisible = 0;
			defaultConfigurationName = Release;
		};
/* End XCConfigurationList section */
	};
	rootObject = A6D02CAA205E8B29001DF2D8 /* Project object */;
}
